
Microsoft Visual Studio Solution File, Format Version 12.00
# Visual Studio Version 16
VisualStudioVersion = 16.0.31112.23
MinimumVisualStudioVersion = 10.0.40219.1
Project("{9A19103F-16F7-4668-BE54-9A1E7A4F7556}") = "DAL", "DAL\DAL.csproj", "{DA14A998-5436-4640-80AD-9FCC1F3B26D8}"
EndProject
Project("{9A19103F-16F7-4668-BE54-9A1E7A4F7556}") = "API", "..\..\api\API\API.csproj", "{3B29846A-1CE1-4597-9BFE-AB6707CD652D}"
EndProject
Project("{9A19103F-16F7-4668-BE54-9A1E7A4F7556}") = "BL", "BL\BL.csproj", "{9B350ABC-0E7D-40C6-A67E-F17B566389B9}"
EndProject
Global
	GlobalSection(SolutionConfigurationPlatforms) = preSolution
		Debug|Any CPU = Debug|Any CPU
		Release|Any CPU = Release|Any CPU
	EndGlobalSection
	GlobalSection(ProjectConfigurationPlatforms) = postSolution
		{DA14A998-5436-4640-80AD-9FCC1F3B26D8}.Debug|Any CPU.ActiveCfg = Debug|Any CPU
		{DA14A998-5436-4640-80AD-9FCC1F3B26D8}.Debug|Any CPU.Build.0 = Debug|Any CPU
		{DA14A998-5436-4640-80AD-9FCC1F3B26D8}.Release|Any CPU.ActiveCfg = Release|Any CPU
		{DA14A998-5436-4640-80AD-9FCC1F3B26D8}.Release|Any CPU.Build.0 = Release|Any CPU
		{3B29846A-1CE1-4597-9BFE-AB6707CD652D}.Debug|Any CPU.ActiveCfg = Debug|Any CPU
		{3B29846A-1CE1-4597-9BFE-AB6707CD652D}.Debug|Any CPU.Build.0 = Debug|Any CPU
		{3B29846A-1CE1-4597-9BFE-AB6707CD652D}.Release|Any CPU.ActiveCfg = Release|Any CPU
		{3B29846A-1CE1-4597-9BFE-AB6707CD652D}.Release|Any CPU.Build.0 = Release|Any CPU
		{9B350ABC-0E7D-40C6-A67E-F17B566389B9}.Debug|Any CPU.ActiveCfg = Debug|Any CPU
		{9B350ABC-0E7D-40C6-A67E-F17B566389B9}.Debug|Any CPU.Build.0 = Debug|Any CPU
		{9B350ABC-0E7D-40C6-A67E-F17B566389B9}.Release|Any CPU.ActiveCfg = Release|Any CPU
		{9B350ABC-0E7D-40C6-A67E-F17B566389B9}.Release|Any CPU.Build.0 = Release|Any CPU
	EndGlobalSection
	GlobalSection(SolutionProperties) = preSolution
		HideSolutionNode = FALSE
	EndGlobalSection
	GlobalSection(ExtensibilityGlobals) = postSolution
		SolutionGuid = {B093B23F-C13D-4A4E-AFD4-122FF939AB7E}
	EndGlobalSection
EndGlobal
